Microsoft Visual Studio Solution File, Format Version 8.00
Project("{8BC9CEB8-8B4A-11D0-8D11-00A0C91BC942}") = "Tapi3Provider", "Tapi3Provider.vcproj", "{FB379304-7D5B-473B-B7BF-C0CA70260AFB}"
	ProjectSection(ProjectDependencies) = postProject
	EndProjectSection
EndProject
Global
	GlobalSection(SolutionConfiguration) = preSolution
		Debug = Debug
		Release = Release
	EndGlobalSection
	GlobalSection(ProjectConfiguration) = postSolution
		{FB379304-7D5B-473B-B7BF-C0CA70260AFB}.Debug.ActiveCfg = Debug|Win32
		{FB379304-7D5B-473B-B7BF-C0CA70260AFB}.Debug.Build.0 = Debug|Win32
		{FB379304-7D5B-473B-B7BF-C0CA70260AFB}.Release.ActiveCfg = Release|Win32
		{FB379304-7D5B-473B-B7BF-C0CA70260AFB}.Release.Build.0 = Release|Win32
	EndGlobalSection
	GlobalSection(ExtensibilityGlobals) = postSolution
	EndGlobalSection
	GlobalSection(ExtensibilityAddIns) = postSolution
	EndGlobalSection
EndGlobal
